
Microsoft Visual Studio Solution File, Format Version 12.00
# Visual Studio Version 17
VisualStudioVersion = 17.0.31903.59
MinimumVisualStudioVersion = 10.0.40219.1
Project("{FAE04EC0-301F-11D3-BF4B-00C04F79EFBC}") = "CScharpConsoleApp", "CScharpConsoleApp\CScharpConsoleApp.csproj", "{FDC31D54-53BD-4CCA-995E-C33B4EC83418}"
EndProject
Project("{FAE04EC0-301F-11D3-BF4B-00C04F79EFBC}") = "LibraryApp", "LibraryApp\LibraryApp.csproj", "{0B04EE6F-A558-4399-BADD-EA79BAE7D299}"
EndProject
Global
	GlobalSection(SolutionConfigurationPlatforms) = preSolution
		Debug|Any CPU = Debug|Any CPU
		Release|Any CPU = Release|Any CPU
	EndGlobalSection
	GlobalSection(SolutionProperties) = preSolution
		HideSolutionNode = FALSE
	EndGlobalSection
	GlobalSection(ProjectConfigurationPlatforms) = postSolution
		{FDC31D54-53BD-4CCA-995E-C33B4EC83418}.Debug|Any CPU.ActiveCfg = Debug|Any CPU
		{FDC31D54-53BD-4CCA-995E-C33B4EC83418}.Debug|Any CPU.Build.0 = Debug|Any CPU
		{FDC31D54-53BD-4CCA-995E-C33B4EC83418}.Release|Any CPU.ActiveCfg = Release|Any CPU
		{FDC31D54-53BD-4CCA-995E-C33B4EC83418}.Release|Any CPU.Build.0 = Release|Any CPU
		{0B04EE6F-A558-4399-BADD-EA79BAE7D299}.Debug|Any CPU.ActiveCfg = Debug|Any CPU
		{0B04EE6F-A558-4399-BADD-EA79BAE7D299}.Debug|Any CPU.Build.0 = Debug|Any CPU
		{0B04EE6F-A558-4399-BADD-EA79BAE7D299}.Release|Any CPU.ActiveCfg = Release|Any CPU
		{0B04EE6F-A558-4399-BADD-EA79BAE7D299}.Release|Any CPU.Build.0 = Release|Any CPU
	EndGlobalSection
EndGlobal
